{
    "_readme": [
        "This file locks the dependencies of your project to a known state",
        "Read more about it at https://getcomposer.org/doc/01-basic-usage.md#installing-dependencies",
        "This file is @generated automatically"
    ],
    "content-hash": "a1dbb79b5c77452147c7adc9fa6b4dc3",
    "packages": [
        {
            "name": "adldap2/adldap2",
            "version": "v4.0.5",
            "source": {
                "type": "git",
                "url": "https://github.com/Adldap2/Adldap2.git",
                "reference": "41f3bcae33add7145e2c7b2782eb9a872bb29da7"
            },
            "dist": {
                "type": "zip",
                "url": "https://api.github.com/repos/Adldap2/Adldap2/zipball/41f3bcae33add7145e2c7b2782eb9a872bb29da7",
                "reference": "41f3bcae33add7145e2c7b2782eb9a872bb29da7",
                "shasum": ""
            },
            "require": {
                "php": ">=5.3.0"
            },
            "suggest": {
                "ext-ldap": "*"
            },
            "type": "library",
            "autoload": {
                "psr-0": {
                    "": "lib/"
                }
            },
            "notification-url": "https://packagist.org/downloads/",
            "license": [
                "LGPL-2.1"
            ],
            "authors": [
                {
                    "name": "Scott Barnett",
                    "email": "scott@wiggumworld.com",
                    "role": "Developer"
                },
                {
                    "name": "Richard Hyland",
                    "email": "adldap@richardhyland.com",
                    "role": "Developer"
                }
            ],
            "description": "adLDAP, PHP LDAP library for manipulating Active Directory",
            "homepage": "http://adldap.sourceforge.net",
            "keywords": [
                "active directory",
                "ldap",
                "windows"
            ],
            "support": {
                "issues": "https://github.com/adldap/adLDAP/issues",
                "source": "https://github.com/adldap/adLDAP"
            },
            "abandoned": true,
            "time": "2015-01-26T17:00:45+00:00"
        }
    ],
    "packages-dev": [],
    "aliases": [],
    "minimum-stability": "stable",
    "stability-flags": {},
    "prefer-stable": false,
    "prefer-lowest": false,
    "platform": {},
    "platform-dev": {},
    "plugin-api-version": "2.6.0"
}
